
Microsoft Visual Studio Solution File, Format Version 12.00
# Visual Studio Version 16
VisualStudioVersion = 16.0.29411.108
MinimumVisualStudioVersion = 10.0.40219.1
Project("{FAE04EC0-301F-11D3-BF4B-00C04F79EFBC}") = "SRandom", "SRandom\SRandom.csproj", "{4B7C6E9E-0FA0-457C-BCAE-611D11F2FD53}"
EndProject
Project("{FAE04EC0-301F-11D3-BF4B-00C04F79EFBC}") = "SRandomTest", "SRandomTest\SRandomTest.csproj", "{F9EDBD49-AE7C-4748-9EF7-BD23166B4154}"
EndProject
Global
	GlobalSection(SolutionConfigurationPlatforms) = preSolution
		Debug|Any CPU = Debug|Any CPU
		Release|Any CPU = Release|Any CPU
	EndGlobalSection
	GlobalSection(ProjectConfigurationPlatforms) = postSolution
		{4B7C6E9E-0FA0-457C-BCAE-611D11F2FD53}.Debug|Any CPU.ActiveCfg = Debug|Any CPU
		{4B7C6E9E-0FA0-457C-BCAE-611D11F2FD53}.Debug|Any CPU.Build.0 = Debug|Any CPU
		{4B7C6E9E-0FA0-457C-BCAE-611D11F2FD53}.Release|Any CPU.ActiveCfg = Release|Any CPU
		{4B7C6E9E-0FA0-457C-BCAE-611D11F2FD53}.Release|Any CPU.Build.0 = Release|Any CPU
		{F9EDBD49-AE7C-4748-9EF7-BD23166B4154}.Debug|Any CPU.ActiveCfg = Debug|Any CPU
		{F9EDBD49-AE7C-4748-9EF7-BD23166B4154}.Debug|Any CPU.Build.0 = Debug|Any CPU
		{F9EDBD49-AE7C-4748-9EF7-BD23166B4154}.Release|Any CPU.ActiveCfg = Release|Any CPU
		{F9EDBD49-AE7C-4748-9EF7-BD23166B4154}.Release|Any CPU.Build.0 = Release|Any CPU
	EndGlobalSection
	GlobalSection(SolutionProperties) = preSolution
		HideSolutionNode = FALSE
	EndGlobalSection
	GlobalSection(ExtensibilityGlobals) = postSolution
		SolutionGuid = {1F606145-0FFF-441A-A042-3EE503A2BDE8}
	EndGlobalSection
EndGlobal
